
Microsoft Visual Studio Solution File, Format Version 12.00
# Visual Studio 15
VisualStudioVersion = 15.0.27703.2042
MinimumVisualStudioVersion = 10.0.40219.1
Project("{FAE04EC0-301F-11D3-BF4B-00C04F79EFBC}") = "Dev2Be.Toolkit", "Dev2Be.Toolkit\Dev2Be.Toolkit.csproj", "{331E691C-9784-4654-BCE5-EDB5689C12C3}"
EndProject
Project("{FAE04EC0-301F-11D3-BF4B-00C04F79EFBC}") = "Dev2Be.Toolkit.UI.Tests", "Dev2Be.Toolkit.UI.Tests\Dev2Be.Toolkit.UI.Tests.csproj", "{B98E9123-1AEB-4E8A-BB94-F77377922CCC}"
EndProject
Project("{FAE04EC0-301F-11D3-BF4B-00C04F79EFBC}") = "Dev2Be.Toolkit.Tests", "Dev2Be.Toolkit.Tests\Dev2Be.Toolkit.Tests.csproj", "{5DCDD470-5C35-45C0-A854-404A35399311}"
EndProject
Global
	GlobalSection(SolutionConfigurationPlatforms) = preSolution
		Debug|Any CPU = Debug|Any CPU
		Release|Any CPU = Release|Any CPU
	EndGlobalSection
	GlobalSection(ProjectConfigurationPlatforms) = postSolution
		{331E691C-9784-4654-BCE5-EDB5689C12C3}.Debug|Any CPU.ActiveCfg = Debug|Any CPU
		{331E691C-9784-4654-BCE5-EDB5689C12C3}.Debug|Any CPU.Build.0 = Debug|Any CPU
		{331E691C-9784-4654-BCE5-EDB5689C12C3}.Release|Any CPU.ActiveCfg = Release|Any CPU
		{331E691C-9784-4654-BCE5-EDB5689C12C3}.Release|Any CPU.Build.0 = Release|Any CPU
		{B98E9123-1AEB-4E8A-BB94-F77377922CCC}.Debug|Any CPU.ActiveCfg = Debug|Any CPU
		{B98E9123-1AEB-4E8A-BB94-F77377922CCC}.Debug|Any CPU.Build.0 = Debug|Any CPU
		{B98E9123-1AEB-4E8A-BB94-F77377922CCC}.Release|Any CPU.ActiveCfg = Release|Any CPU
		{B98E9123-1AEB-4E8A-BB94-F77377922CCC}.Release|Any CPU.Build.0 = Release|Any CPU
		{5DCDD470-5C35-45C0-A854-404A35399311}.Debug|Any CPU.ActiveCfg = Debug|Any CPU
		{5DCDD470-5C35-45C0-A854-404A35399311}.Debug|Any CPU.Build.0 = Debug|Any CPU
		{5DCDD470-5C35-45C0-A854-404A35399311}.Release|Any CPU.ActiveCfg = Release|Any CPU
		{5DCDD470-5C35-45C0-A854-404A35399311}.Release|Any CPU.Build.0 = Release|Any CPU
	EndGlobalSection
	GlobalSection(SolutionProperties) = preSolution
		HideSolutionNode = FALSE
	EndGlobalSection
	GlobalSection(ExtensibilityGlobals) = postSolution
		SolutionGuid = {C0A1235C-9C02-46B6-AB94-63D2061B154C}
	EndGlobalSection
EndGlobal
